// !$*UTF8*$!
{
	archiveVersion = 1;
	classes = {
	};
	objectVersion = 77;
	objects = {

/* Begin PBXBuildFile section */
		1592FC822E2DE61600778BA3 /* FirebaseAI in Frameworks */ = {isa = PBXBuildFile; productRef = 1592FC812E2DE61600778BA3 /* FirebaseAI */; };
		1592FC842E2DE61600778BA3 /* FirebaseAnalytics in Frameworks */ = {isa = PBXBuildFile; productRef = 1592FC832E2DE61600778BA3 /* FirebaseAnalytics */; };
		1592FC862E2DE61600778BA3 /* FirebaseAnalyticsCore in Frameworks */ = {isa = PBXBuildFile; productRef = 1592FC852E2DE61600778BA3 /* FirebaseAnalyticsCore */; };
		1592FC882E2DE61600778BA3 /* FirebaseAnalyticsIdentitySupport in Frameworks */ = {isa = PBXBuildFile; productRef = 1592FC872E2DE61600778BA3 /* FirebaseAnalyticsIdentitySupport */; };
		1592FC8A2E2DE61600778BA3 /* FirebaseAppCheck in Frameworks */ = {isa = PBXBuildFile; productRef = 1592FC892E2DE61600778BA3 /* FirebaseAppCheck */; };
		1592FC8C2E2DE61600778BA3 /* FirebaseAppDistribution-Beta in Frameworks */ = {isa = PBXBuildFile; productRef = 1592FC8B2E2DE61600778BA3 /* FirebaseAppDistribution-Beta */; };
		1592FC8E2E2DE61600778BA3 /* FirebaseAuth in Frameworks */ = {isa = PBXBuildFile; productRef = 1592FC8D2E2DE61600778BA3 /* FirebaseAuth */; };
		1592FC902E2DE61600778BA3 /* FirebaseAuthCombine-Community in Frameworks */ = {isa = PBXBuildFile; productRef = 1592FC8F2E2DE61600778BA3 /* FirebaseAuthCombine-Community */; };
		1592FC922E2DE61600778BA3 /* FirebaseCore in Frameworks */ = {isa = PBXBuildFile; productRef = 1592FC912E2DE61600778BA3 /* FirebaseCore */; };
		1592FC942E2DE61600778BA3 /* FirebaseCrashlytics in Frameworks */ = {isa = PBXBuildFile; productRef = 1592FC932E2DE61600778BA3 /* FirebaseCrashlytics */; };
		1592FC962E2DE61600778BA3 /* FirebaseDatabase in Frameworks */ = {isa = PBXBuildFile; productRef = 1592FC952E2DE61600778BA3 /* FirebaseDatabase */; };
		1592FC982E2DE61600778BA3 /* FirebaseFirestore in Frameworks */ = {isa = PBXBuildFile; productRef = 1592FC972E2DE61600778BA3 /* FirebaseFirestore */; };
		1592FC9A2E2DE61600778BA3 /* FirebaseFirestoreCombine-Community in Frameworks */ = {isa = PBXBuildFile; productRef = 1592FC992E2DE61600778BA3 /* FirebaseFirestoreCombine-Community */; };
		1592FC9C2E2DE61600778BA3 /* FirebaseFunctions in Frameworks */ = {isa = PBXBuildFile; productRef = 1592FC9B2E2DE61600778BA3 /* FirebaseFunctions */; };
		1592FC9E2E2DE61600778BA3 /* FirebaseFunctionsCombine-Community in Frameworks */ = {isa = PBXBuildFile; productRef = 1592FC9D2E2DE61600778BA3 /* FirebaseFunctionsCombine-Community */; };
		1592FCA02E2DE61600778BA3 /* FirebaseInAppMessaging-Beta in Frameworks */ = {isa = PBXBuildFile; productRef = 1592FC9F2E2DE61600778BA3 /* FirebaseInAppMessaging-Beta */; };
		1592FCA22E2DE61600778BA3 /* FirebaseInstallations in Frameworks */ = {isa = PBXBuildFile; productRef = 1592FCA12E2DE61600778BA3 /* FirebaseInstallations */; };
		1592FCA42E2DE61600778BA3 /* FirebaseMLModelDownloader in Frameworks */ = {isa = PBXBuildFile; productRef = 1592FCA32E2DE61600778BA3 /* FirebaseMLModelDownloader */; };
		1592FCA62E2DE61600778BA3 /* FirebaseMessaging in Frameworks */ = {isa = PBXBuildFile; productRef = 1592FCA52E2DE61600778BA3 /* FirebaseMessaging */; };
		1592FCA82E2DE61600778BA3 /* FirebasePerformance in Frameworks */ = {isa = PBXBuildFile; productRef = 1592FCA72E2DE61600778BA3 /* FirebasePerformance */; };
		1592FCAA2E2DE61600778BA3 /* FirebaseRemoteConfig in Frameworks */ = {isa = PBXBuildFile; productRef = 1592FCA92E2DE61600778BA3 /* FirebaseRemoteConfig */; };
		1592FCAC2E2DE61600778BA3 /* FirebaseStorage in Frameworks */ = {isa = PBXBuildFile; productRef = 1592FCAB2E2DE61600778BA3 /* FirebaseStorage */; };
		1592FCAE2E2DE61600778BA3 /* FirebaseStorageCombine-Community in Frameworks */ = {isa = PBXBuildFile; productRef = 1592FCAD2E2DE61600778BA3 /* FirebaseStorageCombine-Community */; };
/* End PBXBuildFile section */

/* Begin PBXContainerItemProxy section */
		15EA3F6C2E2DDD5D00527F29 /* PBXContainerItemProxy */ = {
			isa = PBXContainerItemProxy;
			containerPortal = 15EA3F532E2DDD5C00527F29 /* Project object */;
			proxyType = 1;
			remoteGlobalIDString = 15EA3F5A2E2DDD5C00527F29;
			remoteInfo = DailyReport;
		};
		15EA3F762E2DDD5D00527F29 /* PBXContainerItemProxy */ = {
			isa = PBXContainerItemProxy;
			containerPortal = 15EA3F532E2DDD5C00527F29 /* Project object */;
			proxyType = 1;
			remoteGlobalIDString = 15EA3F5A2E2DDD5C00527F29;
			remoteInfo = DailyReport;
		};
/* End PBXContainerItemProxy section */

/* Begin PBXFileReference section */
		15EA3F5B2E2DDD5C00527F29 /* DailyReport.app */ = {isa = PBXFileReference; explicitFileType = wrapper.application; includeInIndex = 0; path = DailyReport.app; sourceTree = BUILT_PRODUCTS_DIR; };
		15EA3F6B2E2DDD5D00527F29 /* DailyReportTests.xctest */ = {isa = PBXFileReference; explicitFileType = wrapper.cfbundle; includeInIndex = 0; path = DailyReportTests.xctest; sourceTree = BUILT_PRODUCTS_DIR; };
		15EA3F752E2DDD5D00527F29 /* DailyReportUITests.xctest */ = {isa = PBXFileReference; explicitFileType = wrapper.cfbundle; includeInIndex = 0; path = DailyReportUITests.xctest; sourceTree = BUILT_PRODUCTS_DIR; };
/* End PBXFileReference section */

/* Begin PBXFileSystemSynchronizedBuildFileExceptionSet section */
		1592FC7E2E2DE3F600778BA3 /* Exceptions for "DailyReport" folder in "DailyReportTests" target */ = {
			isa = PBXFileSystemSynchronizedBuildFileExceptionSet;
			membershipExceptions = (
				"GoogleService-Info.plist",
			);
			target = 15EA3F6A2E2DDD5D00527F29 /* DailyReportTests */;
		};
		1592FC7F2E2DE3F600778BA3 /* Exceptions for "DailyReport" folder in "DailyReportUITests" target */ = {
			isa = PBXFileSystemSynchronizedBuildFileExceptionSet;
			membershipExceptions = (
				"GoogleService-Info.plist",
			);
			target = 15EA3F742E2DDD5D00527F29 /* DailyReportUITests */;
		};
/* End PBXFileSystemSynchronizedBuildFileExceptionSet section */

/* Begin PBXFileSystemSynchronizedRootGroup section */
		15EA3F5D2E2DDD5C00527F29 /* DailyReport */ = {
			isa = PBXFileSystemSynchronizedRootGroup;
			exceptions = (
				1592FC7E2E2DE3F600778BA3 /* Exceptions for "DailyReport" folder in "DailyReportTests" target */,
				1592FC7F2E2DE3F600778BA3 /* Exceptions for "DailyReport" folder in "DailyReportUITests" target */,
			);
			path = DailyReport;
			sourceTree = "<group>";
		};
		15EA3F6E2E2DDD5D00527F29 /* DailyReportTests */ = {
			isa = PBXFileSystemSynchronizedRootGroup;
			path = DailyReportTests;
			sourceTree = "<group>";
		};
		15EA3F782E2DDD5D00527F29 /* DailyReportUITests */ = {
			isa = PBXFileSystemSynchronizedRootGroup;
			path = DailyReportUITests;
			sourceTree = "<group>";
		};
/* End PBXFileSystemSynchronizedRootGroup section */

/* Begin PBXFrameworksBuildPhase section */
		15EA3F582E2DDD5C00527F29 /* Frameworks */ = {
			isa = PBXFrameworksBuildPhase;
			buildActionMask = 2147483647;
			files = (
				1592FC9A2E2DE61600778BA3 /* FirebaseFirestoreCombine-Community in Frameworks */,
				1592FC9C2E2DE61600778BA3 /* FirebaseFunctions in Frameworks */,
				1592FCA82E2DE61600778BA3 /* FirebasePerformance in Frameworks */,
				1592FCAE2E2DE61600778BA3 /* FirebaseStorageCombine-Community in Frameworks */,
				1592FCAA2E2DE61600778BA3 /* FirebaseRemoteConfig in Frameworks */,
				1592FC882E2DE61600778BA3 /* FirebaseAnalyticsIdentitySupport in Frameworks */,
				1592FC842E2DE61600778BA3 /* FirebaseAnalytics in Frameworks */,
				1592FC862E2DE61600778BA3 /* FirebaseAnalyticsCore in Frameworks */,
				1592FC8A2E2DE61600778BA3 /* FirebaseAppCheck in Frameworks */,
				1592FC822E2DE61600778BA3 /* FirebaseAI in Frameworks */,
				1592FC982E2DE61600778BA3 /* FirebaseFirestore in Frameworks */,
				1592FCA62E2DE61600778BA3 /* FirebaseMessaging in Frameworks */,
				1592FCA22E2DE61600778BA3 /* FirebaseInstallations in Frameworks */,
				1592FC9E2E2DE61600778BA3 /* FirebaseFunctionsCombine-Community in Frameworks */,
				1592FC8E2E2DE61600778BA3 /* FirebaseAuth in Frameworks */,
				1592FC8C2E2DE61600778BA3 /* FirebaseAppDistribution-Beta in Frameworks */,
				1592FCA02E2DE61600778BA3 /* FirebaseInAppMessaging-Beta in Frameworks */,
				1592FC942E2DE61600778BA3 /* FirebaseCrashlytics in Frameworks */,
				1592FC962E2DE61600778BA3 /* FirebaseDatabase in Frameworks */,
				1592FCA42E2DE61600778BA3 /* FirebaseMLModelDownloader in Frameworks */,
				1592FCAC2E2DE61600778BA3 /* FirebaseStorage in Frameworks */,
				1592FC922E2DE61600778BA3 /* FirebaseCore in Frameworks */,
				1592FC902E2DE61600778BA3 /* FirebaseAuthCombine-Community in Frameworks */,
			);
			runOnlyForDeploymentPostprocessing = 0;
		};
		15EA3F682E2DDD5D00527F29 /* Frameworks */ = {
			isa = PBXFrameworksBuildPhase;
			buildActionMask = 2147483647;
			files = (
			);
			runOnlyForDeploymentPostprocessing = 0;
		};
		15EA3F722E2DDD5D00527F29 /* Frameworks */ = {
			isa = PBXFrameworksBuildPhase;
			buildActionMask = 2147483647;
			files = (
			);
			runOnlyForDeploymentPostprocessing = 0;
		};
/* End PBXFrameworksBuildPhase section */

/* Begin PBXGroup section */
		15EA3F522E2DDD5C00527F29 = {
			isa = PBXGroup;
			children = (
				15EA3F5D2E2DDD5C00527F29 /* DailyReport */,
				15EA3F6E2E2DDD5D00527F29 /* DailyReportTests */,
				15EA3F782E2DDD5D00527F29 /* DailyReportUITests */,
				15EA3F5C2E2DDD5C00527F29 /* Products */,
			);
			sourceTree = "<group>";
		};
		15EA3F5C2E2DDD5C00527F29 /* Products */ = {
			isa = PBXGroup;
			children = (
				15EA3F5B2E2DDD5C00527F29 /* DailyReport.app */,
				15EA3F6B2E2DDD5D00527F29 /* DailyReportTests.xctest */,
				15EA3F752E2DDD5D00527F29 /* DailyReportUITests.xctest */,
			);
			name = Products;
			sourceTree = "<group>";
		};
/* End PBXGroup section */

/* Begin PBXNativeTarget section */
		15EA3F5A2E2DDD5C00527F29 /* DailyReport */ = {
			isa = PBXNativeTarget;
			buildConfigurationList = 15EA3F7F2E2DDD5D00527F29 /* Build configuration list for PBXNativeTarget "DailyReport" */;
			buildPhases = (
				15EA3F572E2DDD5C00527F29 /* Sources */,
				15EA3F582E2DDD5C00527F29 /* Frameworks */,
				15EA3F592E2DDD5C00527F29 /* Resources */,
			);
			buildRules = (
			);
			dependencies = (
			);
			fileSystemSynchronizedGroups = (
				15EA3F5D2E2DDD5C00527F29 /* DailyReport */,
			);
			name = DailyReport;
			packageProductDependencies = (
				1592FC812E2DE61600778BA3 /* FirebaseAI */,
				1592FC832E2DE61600778BA3 /* FirebaseAnalytics */,
				1592FC852E2DE61600778BA3 /* FirebaseAnalyticsCore */,
				1592FC872E2DE61600778BA3 /* FirebaseAnalyticsIdentitySupport */,
				1592FC892E2DE61600778BA3 /* FirebaseAppCheck */,
				1592FC8B2E2DE61600778BA3 /* FirebaseAppDistribution-Beta */,
				1592FC8D2E2DE61600778BA3 /* FirebaseAuth */,
				1592FC8F2E2DE61600778BA3 /* FirebaseAuthCombine-Community */,
				1592FC912E2DE61600778BA3 /* FirebaseCore */,
				1592FC932E2DE61600778BA3 /* FirebaseCrashlytics */,
				1592FC952E2DE61600778BA3 /* FirebaseDatabase */,
				1592FC972E2DE61600778BA3 /* FirebaseFirestore */,
				1592FC992E2DE61600778BA3 /* FirebaseFirestoreCombine-Community */,
				1592FC9B2E2DE61600778BA3 /* FirebaseFunctions */,
				1592FC9D2E2DE61600778BA3 /* FirebaseFunctionsCombine-Community */,
				1592FC9F2E2DE61600778BA3 /* FirebaseInAppMessaging-Beta */,
				1592FCA12E2DE61600778BA3 /* FirebaseInstallations */,
				1592FCA32E2DE61600778BA3 /* FirebaseMLModelDownloader */,
				1592FCA52E2DE61600778BA3 /* FirebaseMessaging */,
				1592FCA72E2DE61600778BA3 /* FirebasePerformance */,
				1592FCA92E2DE61600778BA3 /* FirebaseRemoteConfig */,
				1592FCAB2E2DE61600778BA3 /* FirebaseStorage */,
				1592FCAD2E2DE61600778BA3 /* FirebaseStorageCombine-Community */,
			);
			productName = DailyReport;
			productReference = 15EA3F5B2E2DDD5C00527F29 /* DailyReport.app */;
			productType = "com.apple.product-type.application";
		};
		15EA3F6A2E2DDD5D00527F29 /* DailyReportTests */ = {
			isa = PBXNativeTarget;
			buildConfigurationList = 15EA3F822E2DDD5D00527F29 /* Build configuration list for PBXNativeTarget "DailyReportTests" */;
			buildPhases = (
				15EA3F672E2DDD5D00527F29 /* Sources */,
				15EA3F682E2DDD5D00527F29 /* Frameworks */,
				15EA3F692E2DDD5D00527F29 /* Resources */,
			);
			buildRules = (
			);
			dependencies = (
				15EA3F6D2E2DDD5D00527F29 /* PBXTargetDependency */,
			);
			fileSystemSynchronizedGroups = (
				15EA3F6E2E2DDD5D00527F29 /* DailyReportTests */,
			);
			name = DailyReportTests;
			packageProductDependencies = (
			);
			productName = DailyReportTests;
			productReference = 15EA3F6B2E2DDD5D00527F29 /* DailyReportTests.xctest */;
			productType = "com.apple.product-type.bundle.unit-test";
		};
		15EA3F742E2DDD5D00527F29 /* DailyReportUITests */ = {
			isa = PBXNativeTarget;
			buildConfigurationList = 15EA3F852E2DDD5D00527F29 /* Build configuration list for PBXNativeTarget "DailyReportUITests" */;
			buildPhases = (
				15EA3F712E2DDD5D00527F29 /* Sources */,
				15EA3F722E2DDD5D00527F29 /* Frameworks */,
				15EA3F732E2DDD5D00527F29 /* Resources */,
			);
			buildRules = (
			);
			dependencies = (
				15EA3F772E2DDD5D00527F29 /* PBXTargetDependency */,
			);
			fileSystemSynchronizedGroups = (
				15EA3F782E2DDD5D00527F29 /* DailyReportUITests */,
			);
			name = DailyReportUITests;
			packageProductDependencies = (
			);
			productName = DailyReportUITests;
			productReference = 15EA3F752E2DDD5D00527F29 /* DailyReportUITests.xctest */;
			productType = "com.apple.product-type.bundle.ui-testing";
		};
/* End PBXNativeTarget section */

/* Begin PBXProject section */
		15EA3F532E2DDD5C00527F29 /* Project object */ = {
			isa = PBXProject;
			attributes = {
				BuildIndependentTargetsInParallel = 1;
				LastSwiftUpdateCheck = 1620;
				LastUpgradeCheck = 1620;
				TargetAttributes = {
					15EA3F5A2E2DDD5C00527F29 = {
						CreatedOnToolsVersion = 16.2;
					};
					15EA3F6A2E2DDD5D00527F29 = {
						CreatedOnToolsVersion = 16.2;
						TestTargetID = 15EA3F5A2E2DDD5C00527F29;
					};
					15EA3F742E2DDD5D00527F29 = {
						CreatedOnToolsVersion = 16.2;
						TestTargetID = 15EA3F5A2E2DDD5C00527F29;
					};
				};
			};
			buildConfigurationList = 15EA3F562E2DDD5C00527F29 /* Build configuration list for PBXProject "DailyReport" */;
			developmentRegion = en;
			hasScannedForEncodings = 0;
			knownRegions = (
				en,
				Base,
			);
			mainGroup = 15EA3F522E2DDD5C00527F29;
			minimizedProjectReferenceProxies = 1;
			packageReferences = (
				1592FC802E2DE61600778BA3 /* XCRemoteSwiftPackageReference "firebase-ios-sdk" */,
				DB1179552E314843004D0C3C /* XCRemoteSwiftPackageReference "supabase-swift" */,
			);
			preferredProjectObjectVersion = 77;
			productRefGroup = 15EA3F5C2E2DDD5C00527F29 /* Products */;
			projectDirPath = "";
			projectRoot = "";
			targets = (
				15EA3F5A2E2DDD5C00527F29 /* DailyReport */,
				15EA3F6A2E2DDD5D00527F29 /* DailyReportTests */,
				15EA3F742E2DDD5D00527F29 /* DailyReportUITests */,
			);
		};
/* End PBXProject section */

/* Begin PBXResourcesBuildPhase section */
		15EA3F592E2DDD5C00527F29 /* Resources */ = {
			isa = PBXResourcesBuildPhase;
			buildActionMask = 2147483647;
			files = (
			);
			runOnlyForDeploymentPostprocessing = 0;
		};
		15EA3F692E2DDD5D00527F29 /* Resources */ = {
			isa = PBXResourcesBuildPhase;
			buildActionMask = 2147483647;
			files = (
			);
			runOnlyForDeploymentPostprocessing = 0;
		};
		15EA3F732E2DDD5D00527F29 /* Resources */ = {
			isa = PBXResourcesBuildPhase;
			buildActionMask = 2147483647;
			files = (
			);
			runOnlyForDeploymentPostprocessing = 0;
		};
/* End PBXResourcesBuildPhase section */

/* Begin PBXSourcesBuildPhase section */
		15EA3F572E2DDD5C00527F29 /* Sources */ = {
			isa = PBXSourcesBuildPhase;
			buildActionMask = 2147483647;
			files = (
			);
			runOnlyForDeploymentPostprocessing = 0;
		};
		15EA3F672E2DDD5D00527F29 /* Sources */ = {
			isa = PBXSourcesBuildPhase;
			buildActionMask = 2147483647;
			files = (
			);
			runOnlyForDeploymentPostprocessing = 0;
		};
		15EA3F712E2DDD5D00527F29 /* Sources */ = {
			isa = PBXSourcesBuildPhase;
			buildActionMask = 2147483647;
			files = (
			);
			runOnlyForDeploymentPostprocessing = 0;
		};
/* End PBXSourcesBuildPhase section */

/* Begin PBXTargetDependency section */
		15EA3F6D2E2DDD5D00527F29 /* PBXTargetDependency */ = {
			isa = PBXTargetDependency;
			target = 15EA3F5A2E2DDD5C00527F29 /* DailyReport */;
			targetProxy = 15EA3F6C2E2DDD5D00527F29 /* PBXContainerItemProxy */;
		};
		15EA3F772E2DDD5D00527F29 /* PBXTargetDependency */ = {
			isa = PBXTargetDependency;
			target = 15EA3F5A2E2DDD5C00527F29 /* DailyReport */;
			targetProxy = 15EA3F762E2DDD5D00527F29 /* PBXContainerItemProxy */;
		};
/* End PBXTargetDependency section */

/* Begin XCBuildConfiguration section */
		15EA3F7D2E2DDD5D00527F29 /* Debug */ = {
			isa = XCBuildConfiguration;
			buildSettings = {
				ALWAYS_SEARCH_USER_PATHS = NO;
				ASSETCATALOG_COMPILER_GENERATE_SWIFT_ASSET_SYMBOL_EXTENSIONS = YES;
				CLANG_ANALYZER_NONNULL = YES;
				CLANG_ANALYZER_NUMBER_OBJECT_CONVERSION = YES_AGGRESSIVE;
				CLANG_CXX_LANGUAGE_STANDARD = "gnu++20";
				CLANG_ENABLE_MODULES = YES;
				CLANG_ENABLE_OBJC_ARC = YES;
				CLANG_ENABLE_OBJC_WEAK = YES;
				CLANG_WARN_BLOCK_CAPTURE_AUTORELEASING = YES;
				CLANG_WARN_BOOL_CONVERSION = YES;
				CLANG_WARN_COMMA = YES;
				CLANG_WARN_CONSTANT_CONVERSION = YES;
				CLANG_WARN_DEPRECATED_OBJC_IMPLEMENTATIONS = YES;
				CLANG_WARN_DIRECT_OBJC_ISA_USAGE = YES_ERROR;
				CLANG_WARN_DOCUMENTATION_COMMENTS = YES;
				CLANG_WARN_EMPTY_BODY = YES;
				CLANG_WARN_ENUM_CONVERSION = YES;
				CLANG_WARN_INFINITE_RECURSION = YES;
				CLANG_WARN_INT_CONVERSION = YES;
				CLANG_WARN_NON_LITERAL_NULL_CONVERSION = YES;
				CLANG_WARN_OBJC_IMPLICIT_RETAIN_SELF = YES;
				CLANG_WARN_OBJC_LITERAL_CONVERSION = YES;
				CLANG_WARN_OBJC_ROOT_CLASS = YES_ERROR;
				CLANG_WARN_QUOTED_INCLUDE_IN_FRAMEWORK_HEADER = YES;
				CLANG_WARN_RANGE_LOOP_ANALYSIS = YES;
				CLANG_WARN_STRICT_PROTOTYPES = YES;
				CLANG_WARN_SUSPICIOUS_MOVE = YES;
				CLANG_WARN_UNGUARDED_AVAILABILITY = YES_AGGRESSIVE;
				CLANG_WARN_UNREACHABLE_CODE = YES;
				CLANG_WARN__DUPLICATE_METHOD_MATCH = YES;
				COPY_PHASE_STRIP = NO;
				DEBUG_INFORMATION_FORMAT = dwarf;
				ENABLE_STRICT_OBJC_MSGSEND = YES;
				ENABLE_TESTABILITY = YES;
				ENABLE_USER_SCRIPT_SANDBOXING = YES;
				GCC_C_LANGUAGE_STANDARD = gnu17;
				GCC_DYNAMIC_NO_PIC = NO;
				GCC_NO_COMMON_BLOCKS = YES;
				GCC_OPTIMIZATION_LEVEL = 0;
				GCC_PREPROCESSOR_DEFINITIONS = (
					"DEBUG=1",
					"$(inherited)",
				);
				GCC_WARN_64_TO_32_BIT_CONVERSION = YES;
				GCC_WARN_ABOUT_RETURN_TYPE = YES_ERROR;
				GCC_WARN_UNDECLARED_SELECTOR = YES;
				GCC_WARN_UNINITIALIZED_AUTOS = YES_AGGRESSIVE;
				GCC_WARN_UNUSED_FUNCTION = YES;
				GCC_WARN_UNUSED_VARIABLE = YES;
				IPHONEOS_DEPLOYMENT_TARGET = 18.2;
				LOCALIZATION_PREFERS_STRING_CATALOGS = YES;
				MTL_ENABLE_DEBUG_INFO = INCLUDE_SOURCE;
				MTL_FAST_MATH = YES;
				ONLY_ACTIVE_ARCH = YES;
				SDKROOT = iphoneos;
				SWIFT_ACTIVE_COMPILATION_CONDITIONS = "DEBUG $(inherited)";
				SWIFT_OPTIMIZATION_LEVEL = "-Onone";
			};
			name = Debug;
		};
		15EA3F7E2E2DDD5D00527F29 /* Release */ = {
			isa = XCBuildConfiguration;
			buildSettings = {
				ALWAYS_SEARCH_USER_PATHS = NO;
				ASSETCATALOG_COMPILER_GENERATE_SWIFT_ASSET_SYMBOL_EXTENSIONS = YES;
				CLANG_ANALYZER_NONNULL = YES;
				CLANG_ANALYZER_NUMBER_OBJECT_CONVERSION = YES_AGGRESSIVE;
				CLANG_CXX_LANGUAGE_STANDARD = "gnu++20";
				CLANG_ENABLE_MODULES = YES;
				CLANG_ENABLE_OBJC_ARC = YES;
				CLANG_ENABLE_OBJC_WEAK = YES;
				CLANG_WARN_BLOCK_CAPTURE_AUTORELEASING = YES;
				CLANG_WARN_BOOL_CONVERSION = YES;
				CLANG_WARN_COMMA = YES;
				CLANG_WARN_CONSTANT_CONVERSION = YES;
				CLANG_WARN_DEPRECATED_OBJC_IMPLEMENTATIONS = YES;
				CLANG_WARN_DIRECT_OBJC_ISA_USAGE = YES_ERROR;
				CLANG_WARN_DOCUMENTATION_COMMENTS = YES;
				CLANG_WARN_EMPTY_BODY = YES;
				CLANG_WARN_ENUM_CONVERSION = YES;
				CLANG_WARN_INFINITE_RECURSION = YES;
				CLANG_WARN_INT_CONVERSION = YES;
				CLANG_WARN_NON_LITERAL_NULL_CONVERSION = YES;
				CLANG_WARN_OBJC_IMPLICIT_RETAIN_SELF = YES;
				CLANG_WARN_OBJC_LITERAL_CONVERSION = YES;
				CLANG_WARN_OBJC_ROOT_CLASS = YES_ERROR;
				CLANG_WARN_QUOTED_INCLUDE_IN_FRAMEWORK_HEADER = YES;
				CLANG_WARN_RANGE_LOOP_ANALYSIS = YES;
				CLANG_WARN_STRICT_PROTOTYPES = YES;
				CLANG_WARN_SUSPICIOUS_MOVE = YES;
				CLANG_WARN_UNGUARDED_AVAILABILITY = YES_AGGRESSIVE;
				CLANG_WARN_UNREACHABLE_CODE = YES;
				CLANG_WARN__DUPLICATE_METHOD_MATCH = YES;
				COPY_PHASE_STRIP = NO;
				DEBUG_INFORMATION_FORMAT = "dwarf-with-dsym";
				ENABLE_NS_ASSERTIONS = NO;
				ENABLE_STRICT_OBJC_MSGSEND = YES;
				ENABLE_USER_SCRIPT_SANDBOXING = YES;
				GCC_C_LANGUAGE_STANDARD = gnu17;
				GCC_NO_COMMON_BLOCKS = YES;
				GCC_WARN_64_TO_32_BIT_CONVERSION = YES;
				GCC_WARN_ABOUT_RETURN_TYPE = YES_ERROR;
				GCC_WARN_UNDECLARED_SELECTOR = YES;
				GCC_WARN_UNINITIALIZED_AUTOS = YES_AGGRESSIVE;
				GCC_WARN_UNUSED_FUNCTION = YES;
				GCC_WARN_UNUSED_VARIABLE = YES;
				IPHONEOS_DEPLOYMENT_TARGET = 18.2;
				LOCALIZATION_PREFERS_STRING_CATALOGS = YES;
				MTL_ENABLE_DEBUG_INFO = NO;
				MTL_FAST_MATH = YES;
				SDKROOT = iphoneos;
				SWIFT_COMPILATION_MODE = wholemodule;
				VALIDATE_PRODUCT = YES;
			};
			name = Release;
		};
		15EA3F802E2DDD5D00527F29 /* Debug */ = {
			isa = XCBuildConfiguration;
			buildSettings = {
				ASSETCATALOG_COMPILER_APPICON_NAME = AppIcon;
				ASSETCATALOG_COMPILER_GLOBAL_ACCENT_COLOR_NAME = AccentColor;
				CODE_SIGN_STYLE = Automatic;
				CURRENT_PROJECT_VERSION = 1;
				DEVELOPMENT_ASSET_PATHS = "\"DailyReport/Preview Content\"";
				DEVELOPMENT_TEAM = FG24D3VYJ3;
				ENABLE_PREVIEWS = YES;
				GENERATE_INFOPLIST_FILE = YES;
				INFOPLIST_KEY_UIApplicationSceneManifest_Generation = YES;
				INFOPLIST_KEY_UIApplicationSupportsIndirectInputEvents = YES;
				INFOPLIST_KEY_UILaunchScreen_Generation = YES;
				INFOPLIST_KEY_UISupportedInterfaceOrientations_iPad = "UIInterfaceOrientationPortrait UIInterfaceOrientationPortraitUpsideDown UIInterfaceOrientationLandscapeLeft UIInterfaceOrientationLandscapeRight";
				INFOPLIST_KEY_UISupportedInterfaceOrientations_iPhone = "UIInterfaceOrientationPortrait UIInterfaceOrientationLandscapeLeft UIInterfaceOrientationLandscapeRight";
				LD_RUNPATH_SEARCH_PATHS = (
					"$(inherited)",
					"@executable_path/Frameworks",
				);
				MARKETING_VERSION = 1.0;
				PRODUCT_BUNDLE_IDENTIFIER = yoyoo.DailyReport;
				PRODUCT_NAME = "$(TARGET_NAME)";
				SWIFT_EMIT_LOC_STRINGS = YES;
				SWIFT_VERSION = 5.0;
				TARGETED_DEVICE_FAMILY = "1,2";
			};
			name = Debug;
		};
		15EA3F812E2DDD5D00527F29 /* Release */ = {
			isa = XCBuildConfiguration;
			buildSettings = {
				ASSETCATALOG_COMPILER_APPICON_NAME = AppIcon;
				ASSETCATALOG_COMPILER_GLOBAL_ACCENT_COLOR_NAME = AccentColor;
				CODE_SIGN_STYLE = Automatic;
				CURRENT_PROJECT_VERSION = 1;
				DEVELOPMENT_ASSET_PATHS = "\"DailyReport/Preview Content\"";
				DEVELOPMENT_TEAM = FG24D3VYJ3;
				ENABLE_PREVIEWS = YES;
				GENERATE_INFOPLIST_FILE = YES;
				INFOPLIST_KEY_UIApplicationSceneManifest_Generation = YES;
				INFOPLIST_KEY_UIApplicationSupportsIndirectInputEvents = YES;
				INFOPLIST_KEY_UILaunchScreen_Generation = YES;
				INFOPLIST_KEY_UISupportedInterfaceOrientations_iPad = "UIInterfaceOrientationPortrait UIInterfaceOrientationPortraitUpsideDown UIInterfaceOrientationLandscapeLeft UIInterfaceOrientationLandscapeRight";
				INFOPLIST_KEY_UISupportedInterfaceOrientations_iPhone = "UIInterfaceOrientationPortrait UIInterfaceOrientationLandscapeLeft UIInterfaceOrientationLandscapeRight";
				LD_RUNPATH_SEARCH_PATHS = (
					"$(inherited)",
					"@executable_path/Frameworks",
				);
				MARKETING_VERSION = 1.0;
				PRODUCT_BUNDLE_IDENTIFIER = yoyoo.DailyReport;
				PRODUCT_NAME = "$(TARGET_NAME)";
				SWIFT_EMIT_LOC_STRINGS = YES;
				SWIFT_VERSION = 5.0;
				TARGETED_DEVICE_FAMILY = "1,2";
			};
			name = Release;
		};
		15EA3F832E2DDD5D00527F29 /* Debug */ = {
			isa = XCBuildConfiguration;
			buildSettings = {
				BUNDLE_LOADER = "$(TEST_HOST)";
				CODE_SIGN_STYLE = Automatic;
				CURRENT_PROJECT_VERSION = 1;
				DEVELOPMENT_TEAM = FG24D3VYJ3;
				GENERATE_INFOPLIST_FILE = YES;
				IPHONEOS_DEPLOYMENT_TARGET = 18.2;
				MARKETING_VERSION = 1.0;
				PRODUCT_BUNDLE_IDENTIFIER = yoyoo.DailyReportTests;
				PRODUCT_NAME = "$(TARGET_NAME)";
				SWIFT_EMIT_LOC_STRINGS = NO;
				SWIFT_VERSION = 5.0;
				TARGETED_DEVICE_FAMILY = "1,2";
				TEST_HOST = "$(BUILT_PRODUCTS_DIR)/DailyReport.app/$(BUNDLE_EXECUTABLE_FOLDER_PATH)/DailyReport";
			};
			name = Debug;
		};
		15EA3F842E2DDD5D00527F29 /* Release */ = {
			isa = XCBuildConfiguration;
			buildSettings = {
				BUNDLE_LOADER = "$(TEST_HOST)";
				CODE_SIGN_STYLE = Automatic;
				CURRENT_PROJECT_VERSION = 1;
				DEVELOPMENT_TEAM = FG24D3VYJ3;
				GENERATE_INFOPLIST_FILE = YES;
				IPHONEOS_DEPLOYMENT_TARGET = 18.2;
				MARKETING_VERSION = 1.0;
				PRODUCT_BUNDLE_IDENTIFIER = yoyoo.DailyReportTests;
				PRODUCT_NAME = "$(TARGET_NAME)";
				SWIFT_EMIT_LOC_STRINGS = NO;
				SWIFT_VERSION = 5.0;
				TARGETED_DEVICE_FAMILY = "1,2";
				TEST_HOST = "$(BUILT_PRODUCTS_DIR)/DailyReport.app/$(BUNDLE_EXECUTABLE_FOLDER_PATH)/DailyReport";
			};
			name = Release;
		};
		15EA3F862E2DDD5D00527F29 /* Debug */ = {
			isa = XCBuildConfiguration;
			buildSettings = {
				CODE_SIGN_STYLE = Automatic;
				CURRENT_PROJECT_VERSION = 1;
				DEVELOPMENT_TEAM = FG24D3VYJ3;
				GENERATE_INFOPLIST_FILE = YES;
				MARKETING_VERSION = 1.0;
				PRODUCT_BUNDLE_IDENTIFIER = yoyoo.DailyReportUITests;
				PRODUCT_NAME = "$(TARGET_NAME)";
				SWIFT_EMIT_LOC_STRINGS = NO;
				SWIFT_VERSION = 5.0;
				TARGETED_DEVICE_FAMILY = "1,2";
				TEST_TARGET_NAME = DailyReport;
			};
			name = Debug;
		};
		15EA3F872E2DDD5D00527F29 /* Release */ = {
			isa = XCBuildConfiguration;
			buildSettings = {
				CODE_SIGN_STYLE = Automatic;
				CURRENT_PROJECT_VERSION = 1;
				DEVELOPMENT_TEAM = FG24D3VYJ3;
				GENERATE_INFOPLIST_FILE = YES;
				MARKETING_VERSION = 1.0;
				PRODUCT_BUNDLE_IDENTIFIER = yoyoo.DailyReportUITests;
				PRODUCT_NAME = "$(TARGET_NAME)";
				SWIFT_EMIT_LOC_STRINGS = NO;
				SWIFT_VERSION = 5.0;
				TARGETED_DEVICE_FAMILY = "1,2";
				TEST_TARGET_NAME = DailyReport;
			};
			name = Release;
		};
/* End XCBuildConfiguration section */

/* Begin XCConfigurationList section */
		15EA3F562E2DDD5C00527F29 /* Build configuration list for PBXProject "DailyReport" */ = {
			isa = XCConfigurationList;
			buildConfigurations = (
				15EA3F7D2E2DDD5D00527F29 /* Debug */,
				15EA3F7E2E2DDD5D00527F29 /* Release */,
			);
			defaultConfigurationIsVisible = 0;
			defaultConfigurationName = Release;
		};
		15EA3F7F2E2DDD5D00527F29 /* Build configuration list for PBXNativeTarget "DailyReport" */ = {
			isa = XCConfigurationList;
			buildConfigurations = (
				15EA3F802E2DDD5D00527F29 /* Debug */,
				15EA3F812E2DDD5D00527F29 /* Release */,
			);
			defaultConfigurationIsVisible = 0;
			defaultConfigurationName = Release;
		};
		15EA3F822E2DDD5D00527F29 /* Build configuration list for PBXNativeTarget "DailyReportTests" */ = {
			isa = XCConfigurationList;
			buildConfigurations = (
				15EA3F832E2DDD5D00527F29 /* Debug */,
				15EA3F842E2DDD5D00527F29 /* Release */,
			);
			defaultConfigurationIsVisible = 0;
			defaultConfigurationName = Release;
		};
		15EA3F852E2DDD5D00527F29 /* Build configuration list for PBXNativeTarget "DailyReportUITests" */ = {
			isa = XCConfigurationList;
			buildConfigurations = (
				15EA3F862E2DDD5D00527F29 /* Debug */,
				15EA3F872E2DDD5D00527F29 /* Release */,
			);
			defaultConfigurationIsVisible = 0;
			defaultConfigurationName = Release;
		};
/* End XCConfigurationList section */

/* Begin XCRemoteSwiftPackageReference section */
		1592FC802E2DE61600778BA3 /* XCRemoteSwiftPackageReference "firebase-ios-sdk" */ = {
			isa = XCRemoteSwiftPackageReference;
			repositoryURL = "https://github.com/firebase/firebase-ios-sdk";
			requirement = {
				kind = upToNextMajorVersion;
				minimumVersion = 12.0.0;
			};
		};
		DB1179552E314843004D0C3C /* XCRemoteSwiftPackageReference "supabase-swift" */ = {
			isa = XCRemoteSwiftPackageReference;
			repositoryURL = "https://github.com/supabase-community/supabase-swift";
			requirement = {
				kind = upToNextMajorVersion;
				minimumVersion = 2.5.1;
			};
		};
/* End XCRemoteSwiftPackageReference section */

/* Begin XCSwiftPackageProductDependency section */
		1592FC812E2DE61600778BA3 /* FirebaseAI */ = {
			isa = XCSwiftPackageProductDependency;
			package = 1592FC802E2DE61600778BA3 /* XCRemoteSwiftPackageReference "firebase-ios-sdk" */;
			productName = FirebaseAI;
		};
		1592FC832E2DE61600778BA3 /* FirebaseAnalytics */ = {
			isa = XCSwiftPackageProductDependency;
			package = 1592FC802E2DE61600778BA3 /* XCRemoteSwiftPackageReference "firebase-ios-sdk" */;
			productName = FirebaseAnalytics;
		};
		1592FC852E2DE61600778BA3 /* FirebaseAnalyticsCore */ = {
			isa = XCSwiftPackageProductDependency;
			package = 1592FC802E2DE61600778BA3 /* XCRemoteSwiftPackageReference "firebase-ios-sdk" */;
			productName = FirebaseAnalyticsCore;
		};
		1592FC872E2DE61600778BA3 /* FirebaseAnalyticsIdentitySupport */ = {
			isa = XCSwiftPackageProductDependency;
			package = 1592FC802E2DE61600778BA3 /* XCRemoteSwiftPackageReference "firebase-ios-sdk" */;
			productName = FirebaseAnalyticsIdentitySupport;
		};
		1592FC892E2DE61600778BA3 /* FirebaseAppCheck */ = {
			isa = XCSwiftPackageProductDependency;
			package = 1592FC802E2DE61600778BA3 /* XCRemoteSwiftPackageReference "firebase-ios-sdk" */;
			productName = FirebaseAppCheck;
		};
		1592FC8B2E2DE61600778BA3 /* FirebaseAppDistribution-Beta */ = {
			isa = XCSwiftPackageProductDependency;
			package = 1592FC802E2DE61600778BA3 /* XCRemoteSwiftPackageReference "firebase-ios-sdk" */;
			productName = "FirebaseAppDistribution-Beta";
		};
		1592FC8D2E2DE61600778BA3 /* FirebaseAuth */ = {
			isa = XCSwiftPackageProductDependency;
			package = 1592FC802E2DE61600778BA3 /* XCRemoteSwiftPackageReference "firebase-ios-sdk" */;
			productName = FirebaseAuth;
		};
		1592FC8F2E2DE61600778BA3 /* FirebaseAuthCombine-Community */ = {
			isa = XCSwiftPackageProductDependency;
			package = 1592FC802E2DE61600778BA3 /* XCRemoteSwiftPackageReference "firebase-ios-sdk" */;
			productName = "FirebaseAuthCombine-Community";
		};
		1592FC912E2DE61600778BA3 /* FirebaseCore */ = {
			isa = XCSwiftPackageProductDependency;
			package = 1592FC802E2DE61600778BA3 /* XCRemoteSwiftPackageReference "firebase-ios-sdk" */;
			productName = FirebaseCore;
		};
		1592FC932E2DE61600778BA3 /* FirebaseCrashlytics */ = {
			isa = XCSwiftPackageProductDependency;
			package = 1592FC802E2DE61600778BA3 /* XCRemoteSwiftPackageReference "firebase-ios-sdk" */;
			productName = FirebaseCrashlytics;
		};
		1592FC952E2DE61600778BA3 /* FirebaseDatabase */ = {
			isa = XCSwiftPackageProductDependency;
			package = 1592FC802E2DE61600778BA3 /* XCRemoteSwiftPackageReference "firebase-ios-sdk" */;
			productName = FirebaseDatabase;
		};
		1592FC972E2DE61600778BA3 /* FirebaseFirestore */ = {
			isa = XCSwiftPackageProductDependency;
			package = 1592FC802E2DE61600778BA3 /* XCRemoteSwiftPackageReference "firebase-ios-sdk" */;
			productName = FirebaseFirestore;
		};
		1592FC992E2DE61600778BA3 /* FirebaseFirestoreCombine-Community */ = {
			isa = XCSwiftPackageProductDependency;
			package = 1592FC802E2DE61600778BA3 /* XCRemoteSwiftPackageReference "firebase-ios-sdk" */;
			productName = "FirebaseFirestoreCombine-Community";
		};
		1592FC9B2E2DE61600778BA3 /* FirebaseFunctions */ = {
			isa = XCSwiftPackageProductDependency;
			package = 1592FC802E2DE61600778BA3 /* XCRemoteSwiftPackageReference "firebase-ios-sdk" */;
			productName = FirebaseFunctions;
		};
		1592FC9D2E2DE61600778BA3 /* FirebaseFunctionsCombine-Community */ = {
			isa = XCSwiftPackageProductDependency;
			package = 1592FC802E2DE61600778BA3 /* XCRemoteSwiftPackageReference "firebase-ios-sdk" */;
			productName = "FirebaseFunctionsCombine-Community";
		};
		1592FC9F2E2DE61600778BA3 /* FirebaseInAppMessaging-Beta */ = {
			isa = XCSwiftPackageProductDependency;
			package = 1592FC802E2DE61600778BA3 /* XCRemoteSwiftPackageReference "firebase-ios-sdk" */;
			productName = "FirebaseInAppMessaging-Beta";
		};
		1592FCA12E2DE61600778BA3 /* FirebaseInstallations */ = {
			isa = XCSwiftPackageProductDependency;
			package = 1592FC802E2DE61600778BA3 /* XCRemoteSwiftPackageReference "firebase-ios-sdk" */;
			productName = FirebaseInstallations;
		};
		1592FCA32E2DE61600778BA3 /* FirebaseMLModelDownloader */ = {
			isa = XCSwiftPackageProductDependency;
			package = 1592FC802E2DE61600778BA3 /* XCRemoteSwiftPackageReference "firebase-ios-sdk" */;
			productName = FirebaseMLModelDownloader;
		};
		1592FCA52E2DE61600778BA3 /* FirebaseMessaging */ = {
			isa = XCSwiftPackageProductDependency;
			package = 1592FC802E2DE61600778BA3 /* XCRemoteSwiftPackageReference "firebase-ios-sdk" */;
			productName = FirebaseMessaging;
		};
		1592FCA72E2DE61600778BA3 /* FirebasePerformance */ = {
			isa = XCSwiftPackageProductDependency;
			package = 1592FC802E2DE61600778BA3 /* XCRemoteSwiftPackageReference "firebase-ios-sdk" */;
			productName = FirebasePerformance;
		};
		1592FCA92E2DE61600778BA3 /* FirebaseRemoteConfig */ = {
			isa = XCSwiftPackageProductDependency;
			package = 1592FC802E2DE61600778BA3 /* XCRemoteSwiftPackageReference "firebase-ios-sdk" */;
			productName = FirebaseRemoteConfig;
		};
		1592FCAB2E2DE61600778BA3 /* FirebaseStorage */ = {
			isa = XCSwiftPackageProductDependency;
			package = 1592FC802E2DE61600778BA3 /* XCRemoteSwiftPackageReference "firebase-ios-sdk" */;
			productName = FirebaseStorage;
		};
		1592FCAD2E2DE61600778BA3 /* FirebaseStorageCombine-Community */ = {
			isa = XCSwiftPackageProductDependency;
			package = 1592FC802E2DE61600778BA3 /* XCRemoteSwiftPackageReference "firebase-ios-sdk" */;
			productName = "FirebaseStorageCombine-Community";
		};
/* End XCSwiftPackageProductDependency section */
	};
	rootObject = 15EA3F532E2DDD5C00527F29 /* Project object */;
}
